// !$*UTF8*$!
{
	archiveVersion = 1;
	classes = {
	};
	objectVersion = 46;
	objects = {

/* Begin PBXBuildFile section */
		188D6AE21ADE5066009C1738 /* main.cpp in Sources */ = {isa = PBXBuildFile; fileRef = 188D6AE11ADE5066009C1738 /* main.cpp */; };
		188D6AEB1ADE5311009C1738 /* tokenize.cpp in Sources */ = {isa = PBXBuildFile; fileRef = 188D6AEA1ADE5311009C1738 /* tokenize.cpp */; };
		188D6AED1ADE573C009C1738 /* requeteGoogle.cpp in Sources */ = {isa = PBXBuildFile; fileRef = 188D6AEC1ADE573C009C1738 /* requeteGoogle.cpp */; };
		188D6AFC1ADE5F35009C1738 /* cpprest in Frameworks */ = {isa = PBXBuildFile; fileRef = 188D6AFA1ADE5F35009C1738 /* cpprest */; };
		188D6AFD1ADE5F35009C1738 /* pplx in Frameworks */ = {isa = PBXBuildFile; fileRef = 188D6AFB1ADE5F35009C1738 /* pplx */; };
		188D6AFF1ADE5F5E009C1738 /* Binaries in Frameworks */ = {isa = PBXBuildFile; fileRef = 188D6AFE1ADE5F5E009C1738 /* Binaries */; };
/* End PBXBuildFile section */

/* Begin PBXCopyFilesBuildPhase section */
		188D6ADC1ADE5066009C1738 /* CopyFiles */ = {
			isa = PBXCopyFilesBuildPhase;
			buildActionMask = 2147483647;
			dstPath = /usr/share/man/man1/;
			dstSubfolderSpec = 0;
			files = (
			);
			runOnlyForDeploymentPostprocessing = 1;
		};
/* End PBXCopyFilesBuildPhase section */

/* Begin PBXFileReference section */
		188D6ADE1ADE5066009C1738 /* ProjetDeGraphe */ = {isa = PBXFileReference; explicitFileType = "compiled.mach-o.executable"; includeInIndex = 0; path = ProjetDeGraphe; sourceTree = BUILT_PRODUCTS_DIR; };
		188D6AE11ADE5066009C1738 /* main.cpp */ = {isa = PBXFileReference; lastKnownFileType = sourcecode.cpp.cpp; path = main.cpp; sourceTree = "<group>"; };
		188D6AE91ADE52B3009C1738 /* Toulouse.csv */ = {isa = PBXFileReference; lastKnownFileType = text; path = Toulouse.csv; sourceTree = "<group>"; };
		188D6AEA1ADE5311009C1738 /* tokenize.cpp */ = {isa = PBXFileReference; fileEncoding = 4; lastKnownFileType = sourcecode.cpp.cpp; path = tokenize.cpp; sourceTree = "<group>"; };
		188D6AEC1ADE573C009C1738 /* requeteGoogle.cpp */ = {isa = PBXFileReference; fileEncoding = 4; lastKnownFileType = sourcecode.cpp.cpp; path = requeteGoogle.cpp; sourceTree = "<group>"; };
		188D6AFA1ADE5F35009C1738 /* cpprest */ = {isa = PBXFileReference; lastKnownFileType = folder; name = cpprest; path = ../../../casablanca/Release/include/cpprest; sourceTree = "<group>"; };
		188D6AFB1ADE5F35009C1738 /* pplx */ = {isa = PBXFileReference; lastKnownFileType = folder; name = pplx; path = ../../../casablanca/Release/include/pplx; sourceTree = "<group>"; };
		188D6AFE1ADE5F5E009C1738 /* Binaries */ = {isa = PBXFileReference; lastKnownFileType = folder; name = Binaries; path = ../../../casablanca/build.release/Binaries; sourceTree = "<group>"; };
/* End PBXFileReference section */

/* Begin PBXFrameworksBuildPhase section */
		188D6ADB1ADE5066009C1738 /* Frameworks */ = {
			isa = PBXFrameworksBuildPhase;
			buildActionMask = 2147483647;
			files = (
				188D6AFF1ADE5F5E009C1738 /* Binaries in Frameworks */,
				188D6AFC1ADE5F35009C1738 /* cpprest in Frameworks */,
				188D6AFD1ADE5F35009C1738 /* pplx in Frameworks */,
			);
			runOnlyForDeploymentPostprocessing = 0;
		};
/* End PBXFrameworksBuildPhase section */

/* Begin PBXGroup section */
		188D6AD51ADE5066009C1738 = {
			isa = PBXGroup;
			children = (
				188D6AFA1ADE5F35009C1738 /* cpprest */,
				188D6AFB1ADE5F35009C1738 /* pplx */,
				188D6AFE1ADE5F5E009C1738 /* Binaries */,
				188D6AE81ADE52A8009C1738 /* Ressources */,
				188D6AE01ADE5066009C1738 /* ProjetDeGraphe */,
				188D6ADF1ADE5066009C1738 /* Products */,
			);
			sourceTree = "<group>";
		};
		188D6ADF1ADE5066009C1738 /* Products */ = {
			isa = PBXGroup;
			children = (
				188D6ADE1ADE5066009C1738 /* ProjetDeGraphe */,
			);
			name = Products;
			sourceTree = "<group>";
		};
		188D6AE01ADE5066009C1738 /* ProjetDeGraphe */ = {
			isa = PBXGroup;
			children = (
				188D6AE11ADE5066009C1738 /* main.cpp */,
				188D6AEA1ADE5311009C1738 /* tokenize.cpp */,
				188D6AEC1ADE573C009C1738 /* requeteGoogle.cpp */,
			);
			path = ProjetDeGraphe;
			sourceTree = "<group>";
		};
		188D6AE81ADE52A8009C1738 /* Ressources */ = {
			isa = PBXGroup;
			children = (
				188D6AE91ADE52B3009C1738 /* Toulouse.csv */,
			);
			name = Ressources;
			sourceTree = "<group>";
		};
/* End PBXGroup section */

/* Begin PBXNativeTarget section */
		188D6ADD1ADE5066009C1738 /* ProjetDeGraphe */ = {
			isa = PBXNativeTarget;
			buildConfigurationList = 188D6AE51ADE5066009C1738 /* Build configuration list for PBXNativeTarget "ProjetDeGraphe" */;
			buildPhases = (
				188D6ADA1ADE5066009C1738 /* Sources */,
				188D6ADB1ADE5066009C1738 /* Frameworks */,
				188D6ADC1ADE5066009C1738 /* CopyFiles */,
			);
			buildRules = (
			);
			dependencies = (
			);
			name = ProjetDeGraphe;
			productName = ProjetDeGraphe;
			productReference = 188D6ADE1ADE5066009C1738 /* ProjetDeGraphe */;
			productType = "com.apple.product-type.tool";
		};
/* End PBXNativeTarget section */

/* Begin PBXProject section */
		188D6AD61ADE5066009C1738 /* Project object */ = {
			isa = PBXProject;
			attributes = {
				LastUpgradeCheck = 0630;
				ORGANIZATIONNAME = Overflow;
				TargetAttributes = {
					188D6ADD1ADE5066009C1738 = {
						CreatedOnToolsVersion = 6.3;
					};
				};
			};
			buildConfigurationList = 188D6AD91ADE5066009C1738 /* Build configuration list for PBXProject "ProjetDeGraphe" */;
			compatibilityVersion = "Xcode 3.2";
			developmentRegion = English;
			hasScannedForEncodings = 0;
			knownRegions = (
				en,
			);
			mainGroup = 188D6AD51ADE5066009C1738;
			productRefGroup = 188D6ADF1ADE5066009C1738 /* Products */;
			projectDirPath = "";
			projectRoot = "";
			targets = (
				188D6ADD1ADE5066009C1738 /* ProjetDeGraphe */,
			);
		};
/* End PBXProject section */

/* Begin PBXSourcesBuildPhase section */
		188D6ADA1ADE5066009C1738 /* Sources */ = {
			isa = PBXSourcesBuildPhase;
			buildActionMask = 2147483647;
			files = (
				188D6AEB1ADE5311009C1738 /* tokenize.cpp in Sources */,
				188D6AED1ADE573C009C1738 /* requeteGoogle.cpp in Sources */,
				188D6AE21ADE5066009C1738 /* main.cpp in Sources */,
			);
			runOnlyForDeploymentPostprocessing = 0;
		};
/* End PBXSourcesBuildPhase section */

/* Begin XCBuildConfiguration section */
		188D6AE31ADE5066009C1738 /* Debug */ = {
			isa = XCBuildConfiguration;
			buildSettings = {
				ALWAYS_SEARCH_USER_PATHS = NO;
				CLANG_CXX_LANGUAGE_STANDARD = "gnu++0x";
				CLANG_CXX_LIBRARY = "libc++";
				CLANG_ENABLE_MODULES = YES;
				CLANG_ENABLE_OBJC_ARC = YES;
				CLANG_WARN_BOOL_CONVERSION = YES;
				CLANG_WARN_CONSTANT_CONVERSION = YES;
				CLANG_WARN_DIRECT_OBJC_ISA_USAGE = YES_ERROR;
				CLANG_WARN_EMPTY_BODY = YES;
				CLANG_WARN_ENUM_CONVERSION = YES;
				CLANG_WARN_INT_CONVERSION = YES;
				CLANG_WARN_OBJC_ROOT_CLASS = YES_ERROR;
				CLANG_WARN_UNREACHABLE_CODE = YES;
				CLANG_WARN__DUPLICATE_METHOD_MATCH = YES;
				COPY_PHASE_STRIP = NO;
				DEBUG_INFORMATION_FORMAT = dwarf;
				ENABLE_STRICT_OBJC_MSGSEND = YES;
				GCC_C_LANGUAGE_STANDARD = gnu99;
				GCC_DYNAMIC_NO_PIC = NO;
				GCC_NO_COMMON_BLOCKS = YES;
				GCC_OPTIMIZATION_LEVEL = 0;
				GCC_PREPROCESSOR_DEFINITIONS = (
					"DEBUG=1",
					"$(inherited)",
				);
				GCC_SYMBOLS_PRIVATE_EXTERN = NO;
				GCC_WARN_64_TO_32_BIT_CONVERSION = YES;
				GCC_WARN_ABOUT_RETURN_TYPE = YES_ERROR;
				GCC_WARN_UNDECLARED_SELECTOR = YES;
				GCC_WARN_UNINITIALIZED_AUTOS = YES_AGGRESSIVE;
				GCC_WARN_UNUSED_FUNCTION = YES;
				GCC_WARN_UNUSED_VARIABLE = YES;
				HEADER_SEARCH_PATHS = (
					"$(inherited)",
					/Applications/Xcode.app/Contents/Developer/Toolchains/XcodeDefault.xctoolchain/usr/include,
					/Users/Apple/casablanca/Release/include/cpprest,
					/Users/Apple/casablanca/Release/include/pplx,
				);
				LIBRARY_SEARCH_PATHS = (
					"\"$(SRCROOT)/../../../casablanca/Release/include/cpprest\"",
					"\"$(SRCROOT)/../../../casablanca/Release/include/pplx\"",
				);
				MACOSX_DEPLOYMENT_TARGET = 10.10;
				MTL_ENABLE_DEBUG_INFO = YES;
				ONLY_ACTIVE_ARCH = YES;
				SDKROOT = macosx;
			};
			name = Debug;
		};
		188D6AE41ADE5066009C1738 /* Release */ = {
			isa = XCBuildConfiguration;
			buildSettings = {
				ALWAYS_SEARCH_USER_PATHS = NO;
				CLANG_CXX_LANGUAGE_STANDARD = "gnu++0x";
				CLANG_CXX_LIBRARY = "libc++";
				CLANG_ENABLE_MODULES = YES;
				CLANG_ENABLE_OBJC_ARC = YES;
				CLANG_WARN_BOOL_CONVERSION = YES;
				CLANG_WARN_CONSTANT_CONVERSION = YES;
				CLANG_WARN_DIRECT_OBJC_ISA_USAGE = YES_ERROR;
				CLANG_WARN_EMPTY_BODY = YES;
				CLANG_WARN_ENUM_CONVERSION = YES;
				CLANG_WARN_INT_CONVERSION = YES;
				CLANG_WARN_OBJC_ROOT_CLASS = YES_ERROR;
				CLANG_WARN_UNREACHABLE_CODE = YES;
				CLANG_WARN__DUPLICATE_METHOD_MATCH = YES;
				COPY_PHASE_STRIP = NO;
				DEBUG_INFORMATION_FORMAT = "dwarf-with-dsym";
				ENABLE_NS_ASSERTIONS = NO;
				ENABLE_STRICT_OBJC_MSGSEND = YES;
				GCC_C_LANGUAGE_STANDARD = gnu99;
				GCC_NO_COMMON_BLOCKS = YES;
				GCC_WARN_64_TO_32_BIT_CONVERSION = YES;
				GCC_WARN_ABOUT_RETURN_TYPE = YES_ERROR;
				GCC_WARN_UNDECLARED_SELECTOR = YES;
				GCC_WARN_UNINITIALIZED_AUTOS = YES_AGGRESSIVE;
				GCC_WARN_UNUSED_FUNCTION = YES;
				GCC_WARN_UNUSED_VARIABLE = YES;
				HEADER_SEARCH_PATHS = (
					"$(inherited)",
					/Applications/Xcode.app/Contents/Developer/Toolchains/XcodeDefault.xctoolchain/usr/include,
					/Users/Apple/casablanca/Release/include/cpprest,
					/Users/Apple/casablanca/Release/include/pplx,
				);
				LIBRARY_SEARCH_PATHS = (
					"\"$(SRCROOT)/../../../casablanca/Release/include/cpprest\"",
					"\"$(SRCROOT)/../../../casablanca/Release/include/pplx\"",
				);
				MACOSX_DEPLOYMENT_TARGET = 10.10;
				MTL_ENABLE_DEBUG_INFO = NO;
				SDKROOT = macosx;
			};
			name = Release;
		};
		188D6AE61ADE5066009C1738 /* Debug */ = {
			isa = XCBuildConfiguration;
			buildSettings = {
				PRODUCT_NAME = "$(TARGET_NAME)";
			};
			name = Debug;
		};
		188D6AE71ADE5066009C1738 /* Release */ = {
			isa = XCBuildConfiguration;
			buildSettings = {
				PRODUCT_NAME = "$(TARGET_NAME)";
			};
			name = Release;
		};
/* End XCBuildConfiguration section */

/* Begin XCConfigurationList section */
		188D6AD91ADE5066009C1738 /* Build configuration list for PBXProject "ProjetDeGraphe" */ = {
			isa = XCConfigurationList;
			buildConfigurations = (
				188D6AE31ADE5066009C1738 /* Debug */,
				188D6AE41ADE5066009C1738 /* Release */,
			);
			defaultConfigurationIsVisible = 0;
			defaultConfigurationName = Release;
		};
		188D6AE51ADE5066009C1738 /* Build configuration list for PBXNativeTarget "ProjetDeGraphe" */ = {
			isa = XCConfigurationList;
			buildConfigurations = (
				188D6AE61ADE5066009C1738 /* Debug */,
				188D6AE71ADE5066009C1738 /* Release */,
			);
			defaultConfigurationIsVisible = 0;
			defaultConfigurationName = Release;
		};
/* End XCConfigurationList section */
	};
	rootObject = 188D6AD61ADE5066009C1738 /* Project object */;
}
